
Microsoft Visual Studio Solution File, Format Version 12.00
# Visual Studio Version 17
VisualStudioVersion = 17.4.33213.308
MinimumVisualStudioVersion = 10.0.40219.1
Project("{FAE04EC0-301F-11D3-BF4B-00C04F79EFBC}") = "ChallengeApp", "ChallengeApp\ChallengeApp.csproj", "{1685E3B4-151F-4934-A905-7DF6E4589892}"
EndProject
Global
	GlobalSection(SolutionConfigurationPlatforms) = preSolution
		Debug|Any CPU = Debug|Any CPU
		Release|Any CPU = Release|Any CPU
	EndGlobalSection
	GlobalSection(ProjectConfigurationPlatforms) = postSolution
		{1685E3B4-151F-4934-A905-7DF6E4589892}.Debug|Any CPU.ActiveCfg = Debug|Any CPU
		{1685E3B4-151F-4934-A905-7DF6E4589892}.Debug|Any CPU.Build.0 = Debug|Any CPU
		{1685E3B4-151F-4934-A905-7DF6E4589892}.Release|Any CPU.ActiveCfg = Release|Any CPU
		{1685E3B4-151F-4934-A905-7DF6E4589892}.Release|Any CPU.Build.0 = Release|Any CPU
	EndGlobalSection
	GlobalSection(SolutionProperties) = preSolution
		HideSolutionNode = FALSE
	EndGlobalSection
	GlobalSection(ExtensibilityGlobals) = postSolution
		SolutionGuid = {7AEB6DFF-99EC-44CF-909B-CD94F2A9CDB0}
	EndGlobalSection
EndGlobal
